<Solution>
  <Project Path="src/EfficientUnionGenerator.DebugApp/EfficientUnionGenerator.DebugApp.csproj" Id="328c4817-42f5-44d3-be03-8118c44d1d58" />
  <Project Path="src/EfficientUnionGenerator.Test/EfficientUnionGenerator.Test.csproj" Id="b0f436db-3eee-48fb-aaf8-264e78a1a938" />
  <Project Path="src/EfficientUnionGenerator/EfficientUnionGenerator.csproj" Id="7b1b2fc2-1729-497a-be6a-5970166dc8b6" />
</Solution>
